
Microsoft Visual Studio Solution File, Format Version 12.00
# Visual Studio Version 16
VisualStudioVersion = 16.0.29503.13
MinimumVisualStudioVersion = 10.0.40219.1
Project("{FAE04EC0-301F-11D3-BF4B-00C04F79EFBC}") = "OneHundredAndEighty", "OneHundredAndEighty\OneHundredAndEighty.csproj", "{E843448D-AAE3-44B8-B3B9-8442452D1010}"
EndProject
Project("{9A19103F-16F7-4668-BE54-9A1E7A4F7556}") = "OneHundredAndEightyCore", "OneHundredAndEightyCore\OneHundredAndEightyCore.csproj", "{2EB4549E-04AA-4601-8C74-60EAF8275BD3}"
EndProject
Project("{FAE04EC0-301F-11D3-BF4B-00C04F79EFBC}") = "OneHundredAndEightyCore.Tests", "OneHundredAndEightyCore.Tests\OneHundredAndEightyCore.Tests.csproj", "{A1CBD24B-D917-45C2-ACC5-E1B95E8B3E97}"
EndProject
Project("{FAE04EC0-301F-11D3-BF4B-00C04F79EFBC}") = "OneHundredAndEightyCore.WebApi", "OneHundredAndEightyCore.WebApi\OneHundredAndEightyCore.WebApi.csproj", "{D09452A0-135E-4B25-AFDE-0B17C5D2D02D}"
EndProject
Global
	GlobalSection(SolutionConfigurationPlatforms) = preSolution
		Debug|Any CPU = Debug|Any CPU
		Release|Any CPU = Release|Any CPU
	EndGlobalSection
	GlobalSection(ProjectConfigurationPlatforms) = postSolution
		{E843448D-AAE3-44B8-B3B9-8442452D1010}.Debug|Any CPU.ActiveCfg = Debug|Any CPU
		{E843448D-AAE3-44B8-B3B9-8442452D1010}.Release|Any CPU.ActiveCfg = Release|Any CPU
		{E843448D-AAE3-44B8-B3B9-8442452D1010}.Release|Any CPU.Build.0 = Release|Any CPU
		{2EB4549E-04AA-4601-8C74-60EAF8275BD3}.Debug|Any CPU.ActiveCfg = Debug|Any CPU
		{2EB4549E-04AA-4601-8C74-60EAF8275BD3}.Debug|Any CPU.Build.0 = Debug|Any CPU
		{2EB4549E-04AA-4601-8C74-60EAF8275BD3}.Release|Any CPU.ActiveCfg = Release|Any CPU
		{2EB4549E-04AA-4601-8C74-60EAF8275BD3}.Release|Any CPU.Build.0 = Release|Any CPU
		{A1CBD24B-D917-45C2-ACC5-E1B95E8B3E97}.Debug|Any CPU.ActiveCfg = Debug|Any CPU
		{A1CBD24B-D917-45C2-ACC5-E1B95E8B3E97}.Debug|Any CPU.Build.0 = Debug|Any CPU
		{A1CBD24B-D917-45C2-ACC5-E1B95E8B3E97}.Release|Any CPU.ActiveCfg = Release|Any CPU
		{A1CBD24B-D917-45C2-ACC5-E1B95E8B3E97}.Release|Any CPU.Build.0 = Release|Any CPU
		{D09452A0-135E-4B25-AFDE-0B17C5D2D02D}.Debug|Any CPU.ActiveCfg = Debug|Any CPU
		{D09452A0-135E-4B25-AFDE-0B17C5D2D02D}.Debug|Any CPU.Build.0 = Debug|Any CPU
		{D09452A0-135E-4B25-AFDE-0B17C5D2D02D}.Release|Any CPU.ActiveCfg = Release|Any CPU
		{D09452A0-135E-4B25-AFDE-0B17C5D2D02D}.Release|Any CPU.Build.0 = Release|Any CPU
	EndGlobalSection
	GlobalSection(SolutionProperties) = preSolution
		HideSolutionNode = FALSE
	EndGlobalSection
	GlobalSection(ExtensibilityGlobals) = postSolution
		SolutionGuid = {AA7F183D-5D94-4789-A025-C82214C9A218}
	EndGlobalSection
EndGlobal
